
Microsoft Visual Studio Solution File, Format Version 12.00
Project("{F2A71F9B-5D33-465A-A702-920D77279786}") = "FDOM.Core", "FDOM.Core\FDOM.Core.fsproj", "{73946CA0-BFD1-4593-8772-3B81B6F07730}"
EndProject
Project("{FAE04EC0-301F-11D3-BF4B-00C04F79EFBC}") = "FDOM.Blazor", "FDOM.Blazor\FDOM.Blazor.csproj", "{E5415A3E-76E8-401B-BE89-AB3903E03919}"
EndProject
Project("{FAE04EC0-301F-11D3-BF4B-00C04F79EFBC}") = "Daria.WebApp", "Daria.WebApp\Daria.WebApp.csproj", "{5B884406-906A-409B-8B58-A1444A4899B6}"
EndProject
Project("{FAE04EC0-301F-11D3-BF4B-00C04F79EFBC}") = "Minx.Razor", "..\Minx\Minx.Razor\Minx.Razor.csproj", "{B5B2DBE4-3E11-4A76-9E1A-6226CA3A2C8D}"
EndProject
Project("{F2A71F9B-5D33-465A-A702-920D77279786}") = "Daria.Console", "Daria.Console\Daria.Console.fsproj", "{237055B0-45AF-439A-A89F-65948D432B60}"
EndProject
Project("{F2A71F9B-5D33-465A-A702-920D77279786}") = "FDOM.Rendering", "FDOM.Rendering\FDOM.Rendering.fsproj", "{1E911844-4E10-4775-8EEC-45AD1936F47A}"
EndProject
Project("{F2A71F9B-5D33-465A-A702-920D77279786}") = "FDOM.Razor", "FDOM.Razor\FDOM.Razor.fsproj", "{B3F58CF0-D78E-41EB-917F-ADEE1C605094}"
EndProject
Global
	GlobalSection(SolutionConfigurationPlatforms) = preSolution
		Debug|Any CPU = Debug|Any CPU
		Release|Any CPU = Release|Any CPU
	EndGlobalSection
	GlobalSection(ProjectConfigurationPlatforms) = postSolution
		{73946CA0-BFD1-4593-8772-3B81B6F07730}.Debug|Any CPU.ActiveCfg = Debug|Any CPU
		{73946CA0-BFD1-4593-8772-3B81B6F07730}.Debug|Any CPU.Build.0 = Debug|Any CPU
		{73946CA0-BFD1-4593-8772-3B81B6F07730}.Release|Any CPU.ActiveCfg = Release|Any CPU
		{73946CA0-BFD1-4593-8772-3B81B6F07730}.Release|Any CPU.Build.0 = Release|Any CPU
		{E5415A3E-76E8-401B-BE89-AB3903E03919}.Debug|Any CPU.ActiveCfg = Debug|Any CPU
		{E5415A3E-76E8-401B-BE89-AB3903E03919}.Debug|Any CPU.Build.0 = Debug|Any CPU
		{E5415A3E-76E8-401B-BE89-AB3903E03919}.Release|Any CPU.ActiveCfg = Release|Any CPU
		{E5415A3E-76E8-401B-BE89-AB3903E03919}.Release|Any CPU.Build.0 = Release|Any CPU
		{5B884406-906A-409B-8B58-A1444A4899B6}.Debug|Any CPU.ActiveCfg = Debug|Any CPU
		{5B884406-906A-409B-8B58-A1444A4899B6}.Debug|Any CPU.Build.0 = Debug|Any CPU
		{5B884406-906A-409B-8B58-A1444A4899B6}.Release|Any CPU.ActiveCfg = Release|Any CPU
		{5B884406-906A-409B-8B58-A1444A4899B6}.Release|Any CPU.Build.0 = Release|Any CPU
		{B5B2DBE4-3E11-4A76-9E1A-6226CA3A2C8D}.Debug|Any CPU.ActiveCfg = Debug|Any CPU
		{B5B2DBE4-3E11-4A76-9E1A-6226CA3A2C8D}.Debug|Any CPU.Build.0 = Debug|Any CPU
		{B5B2DBE4-3E11-4A76-9E1A-6226CA3A2C8D}.Release|Any CPU.ActiveCfg = Release|Any CPU
		{B5B2DBE4-3E11-4A76-9E1A-6226CA3A2C8D}.Release|Any CPU.Build.0 = Release|Any CPU
		{237055B0-45AF-439A-A89F-65948D432B60}.Debug|Any CPU.ActiveCfg = Debug|Any CPU
		{237055B0-45AF-439A-A89F-65948D432B60}.Debug|Any CPU.Build.0 = Debug|Any CPU
		{237055B0-45AF-439A-A89F-65948D432B60}.Release|Any CPU.ActiveCfg = Release|Any CPU
		{237055B0-45AF-439A-A89F-65948D432B60}.Release|Any CPU.Build.0 = Release|Any CPU
		{1E911844-4E10-4775-8EEC-45AD1936F47A}.Debug|Any CPU.ActiveCfg = Debug|Any CPU
		{1E911844-4E10-4775-8EEC-45AD1936F47A}.Debug|Any CPU.Build.0 = Debug|Any CPU
		{1E911844-4E10-4775-8EEC-45AD1936F47A}.Release|Any CPU.ActiveCfg = Release|Any CPU
		{1E911844-4E10-4775-8EEC-45AD1936F47A}.Release|Any CPU.Build.0 = Release|Any CPU
		{B3F58CF0-D78E-41EB-917F-ADEE1C605094}.Debug|Any CPU.ActiveCfg = Debug|Any CPU
		{B3F58CF0-D78E-41EB-917F-ADEE1C605094}.Debug|Any CPU.Build.0 = Debug|Any CPU
		{B3F58CF0-D78E-41EB-917F-ADEE1C605094}.Release|Any CPU.ActiveCfg = Release|Any CPU
		{B3F58CF0-D78E-41EB-917F-ADEE1C605094}.Release|Any CPU.Build.0 = Release|Any CPU
	EndGlobalSection
EndGlobal
